
Microsoft Visual Studio Solution File, Format Version 12.00
# Visual Studio Version 17
VisualStudioVersion = 17.13.35825.156
MinimumVisualStudioVersion = 10.0.40219.1
Project("{E24C65DC-7377-472B-9ABA-BC803B73C61A}") = "wdd130", ".", "{135859DF-F5E8-4706-BA3E-121CEE5AFE22}"
	ProjectSection(WebsiteProperties) = preProject
		TargetFrameworkMoniker = ".NETFramework,Version%3Dv4.8"
		Debug.AspNetCompiler.VirtualPath = "/localhost_56022"
		Debug.AspNetCompiler.PhysicalPath = "..\wdd130\"
		Debug.AspNetCompiler.TargetPath = "PrecompiledWeb\localhost_56022\"
		Debug.AspNetCompiler.Updateable = "true"
		Debug.AspNetCompiler.ForceOverwrite = "true"
		Debug.AspNetCompiler.FixedNames = "false"
		Debug.AspNetCompiler.Debug = "True"
		Release.AspNetCompiler.VirtualPath = "/localhost_56022"
		Release.AspNetCompiler.PhysicalPath = "..\wdd130\"
		Release.AspNetCompiler.TargetPath = "PrecompiledWeb\localhost_56022\"
		Release.AspNetCompiler.Updateable = "true"
		Release.AspNetCompiler.ForceOverwrite = "true"
		Release.AspNetCompiler.FixedNames = "false"
		Release.AspNetCompiler.Debug = "False"
		VWDPort = "56022"
		SlnRelativePath = "..\wdd130\"
		DefaultWebSiteLanguage = "Visual C#"
	EndProjectSection
EndProject
Global
	GlobalSection(SolutionConfigurationPlatforms) = preSolution
		Debug|Any CPU = Debug|Any CPU
	EndGlobalSection
	GlobalSection(ProjectConfigurationPlatforms) = postSolution
		{135859DF-F5E8-4706-BA3E-121CEE5AFE22}.Debug|Any CPU.ActiveCfg = Debug|Any CPU
		{135859DF-F5E8-4706-BA3E-121CEE5AFE22}.Debug|Any CPU.Build.0 = Debug|Any CPU
	EndGlobalSection
	GlobalSection(SolutionProperties) = preSolution
		HideSolutionNode = FALSE
	EndGlobalSection
	GlobalSection(ExtensibilityGlobals) = postSolution
		SolutionGuid = {5C6036A9-6460-4F30-B097-3752E03D6630}
	EndGlobalSection
EndGlobal
